
Microsoft Visual Studio Solution File, Format Version 12.00
# Visual Studio Version 17
VisualStudioVersion = 17.0.31903.59
MinimumVisualStudioVersion = 10.0.40219.1
Project("{FAE04EC0-301F-11D3-BF4B-00C04F79EFBC}") = "Homework7", "Homework7\Homework7.csproj", "{413F0260-DD48-4F74-8833-ED9BEDCA2F23}"
EndProject
Project("{FAE04EC0-301F-11D3-BF4B-00C04F79EFBC}") = "Lab7", "Lab7\Lab7.csproj", "{8D6C3944-3A41-4C0C-96A4-8E16FFBA0401}"
EndProject
Project("{FAE04EC0-301F-11D3-BF4B-00C04F79EFBC}") = "zadanie", "zadanie\zadanie.csproj", "{18D3CBE7-C065-424B-BE32-9553FA9FDE8B}"
EndProject
Global
	GlobalSection(SolutionConfigurationPlatforms) = preSolution
		Debug|Any CPU = Debug|Any CPU
		Release|Any CPU = Release|Any CPU
	EndGlobalSection
	GlobalSection(ProjectConfigurationPlatforms) = postSolution
		{413F0260-DD48-4F74-8833-ED9BEDCA2F23}.Debug|Any CPU.ActiveCfg = Debug|Any CPU
		{413F0260-DD48-4F74-8833-ED9BEDCA2F23}.Debug|Any CPU.Build.0 = Debug|Any CPU
		{413F0260-DD48-4F74-8833-ED9BEDCA2F23}.Release|Any CPU.ActiveCfg = Release|Any CPU
		{413F0260-DD48-4F74-8833-ED9BEDCA2F23}.Release|Any CPU.Build.0 = Release|Any CPU
		{8D6C3944-3A41-4C0C-96A4-8E16FFBA0401}.Debug|Any CPU.ActiveCfg = Debug|Any CPU
		{8D6C3944-3A41-4C0C-96A4-8E16FFBA0401}.Debug|Any CPU.Build.0 = Debug|Any CPU
		{8D6C3944-3A41-4C0C-96A4-8E16FFBA0401}.Release|Any CPU.ActiveCfg = Release|Any CPU
		{8D6C3944-3A41-4C0C-96A4-8E16FFBA0401}.Release|Any CPU.Build.0 = Release|Any CPU
		{18D3CBE7-C065-424B-BE32-9553FA9FDE8B}.Debug|Any CPU.ActiveCfg = Debug|Any CPU
		{18D3CBE7-C065-424B-BE32-9553FA9FDE8B}.Debug|Any CPU.Build.0 = Debug|Any CPU
		{18D3CBE7-C065-424B-BE32-9553FA9FDE8B}.Release|Any CPU.ActiveCfg = Release|Any CPU
		{18D3CBE7-C065-424B-BE32-9553FA9FDE8B}.Release|Any CPU.Build.0 = Release|Any CPU
	EndGlobalSection
	GlobalSection(SolutionProperties) = preSolution
		HideSolutionNode = FALSE
	EndGlobalSection
EndGlobal
